
Microsoft Visual Studio Solution File, Format Version 12.00
# Visual Studio Version 16
VisualStudioVersion = 16.0.30413.136
MinimumVisualStudioVersion = 10.0.40219.1
Project("{9A19103F-16F7-4668-BE54-9A1E7A4F7556}") = "DatumApiTaxaJuros", "DatumApiTaxaJuros\DatumApiTaxaJuros.csproj", "{6662739F-7557-4F46-8E58-E6070B744E94}"
EndProject
Project("{9A19103F-16F7-4668-BE54-9A1E7A4F7556}") = "DatumAPIs.test", "DatumAPIs.test\DatumAPIs.test.csproj", "{A68EF91E-3DA1-44EB-A1A4-F0245CB4FDB0}"
EndProject
Project("{9A19103F-16F7-4668-BE54-9A1E7A4F7556}") = "DatumAPICalculaJuros", "DatumAPICalculaJuros\DatumAPICalculaJuros.csproj", "{128DB245-49FD-4E2E-84A2-88C557DD0D37}"
EndProject
Project("{FAE04EC0-301F-11D3-BF4B-00C04F79EFBC}") = "DatumApis.Integracao.test", "DatumApis.Integracao.test\DatumApis.Integracao.test.csproj", "{349B93CD-6F34-4DE0-9C42-E0CB06E1F660}"
EndProject
Global
	GlobalSection(SolutionConfigurationPlatforms) = preSolution
		Debug|Any CPU = Debug|Any CPU
		Release|Any CPU = Release|Any CPU
	EndGlobalSection
	GlobalSection(ProjectConfigurationPlatforms) = postSolution
		{6662739F-7557-4F46-8E58-E6070B744E94}.Debug|Any CPU.ActiveCfg = Debug|Any CPU
		{6662739F-7557-4F46-8E58-E6070B744E94}.Debug|Any CPU.Build.0 = Debug|Any CPU
		{6662739F-7557-4F46-8E58-E6070B744E94}.Release|Any CPU.ActiveCfg = Release|Any CPU
		{6662739F-7557-4F46-8E58-E6070B744E94}.Release|Any CPU.Build.0 = Release|Any CPU
		{A68EF91E-3DA1-44EB-A1A4-F0245CB4FDB0}.Debug|Any CPU.ActiveCfg = Debug|Any CPU
		{A68EF91E-3DA1-44EB-A1A4-F0245CB4FDB0}.Debug|Any CPU.Build.0 = Debug|Any CPU
		{A68EF91E-3DA1-44EB-A1A4-F0245CB4FDB0}.Release|Any CPU.ActiveCfg = Release|Any CPU
		{A68EF91E-3DA1-44EB-A1A4-F0245CB4FDB0}.Release|Any CPU.Build.0 = Release|Any CPU
		{128DB245-49FD-4E2E-84A2-88C557DD0D37}.Debug|Any CPU.ActiveCfg = Debug|Any CPU
		{128DB245-49FD-4E2E-84A2-88C557DD0D37}.Debug|Any CPU.Build.0 = Debug|Any CPU
		{128DB245-49FD-4E2E-84A2-88C557DD0D37}.Release|Any CPU.ActiveCfg = Release|Any CPU
		{128DB245-49FD-4E2E-84A2-88C557DD0D37}.Release|Any CPU.Build.0 = Release|Any CPU
		{349B93CD-6F34-4DE0-9C42-E0CB06E1F660}.Debug|Any CPU.ActiveCfg = Debug|Any CPU
		{349B93CD-6F34-4DE0-9C42-E0CB06E1F660}.Debug|Any CPU.Build.0 = Debug|Any CPU
		{349B93CD-6F34-4DE0-9C42-E0CB06E1F660}.Release|Any CPU.ActiveCfg = Release|Any CPU
		{349B93CD-6F34-4DE0-9C42-E0CB06E1F660}.Release|Any CPU.Build.0 = Release|Any CPU
	EndGlobalSection
	GlobalSection(SolutionProperties) = preSolution
		HideSolutionNode = FALSE
	EndGlobalSection
	GlobalSection(ExtensibilityGlobals) = postSolution
		SolutionGuid = {33702919-D44E-4B62-8980-30D3831595CE}
	EndGlobalSection
EndGlobal
